// !$*UTF8*$!
{
	archiveVersion = 1;
	classes = {
	};
	objectVersion = 46;
	objects = {

/* Begin PBXBuildFile section */
		E0D68BA119F371120074CF12 /* Foundation.framework in Frameworks */ = {isa = PBXBuildFile; fileRef = E0D68BA019F371120074CF12 /* Foundation.framework */; };
		E0D68BA319F371120074CF12 /* CoreGraphics.framework in Frameworks */ = {isa = PBXBuildFile; fileRef = E0D68BA219F371120074CF12 /* CoreGraphics.framework */; };
		E0D68BA519F371120074CF12 /* UIKit.framework in Frameworks */ = {isa = PBXBuildFile; fileRef = E0D68BA419F371120074CF12 /* UIKit.framework */; };
		E0D68BA719F371120074CF12 /* SpriteKit.framework in Frameworks */ = {isa = PBXBuildFile; fileRef = E0D68BA619F371120074CF12 /* SpriteKit.framework */; };
		E0D68BAD19F371120074CF12 /* InfoPlist.strings in Resources */ = {isa = PBXBuildFile; fileRef = E0D68BAB19F371120074CF12 /* InfoPlist.strings */; };
		E0D68BAF19F371120074CF12 /* main.m in Sources */ = {isa = PBXBuildFile; fileRef = E0D68BAE19F371120074CF12 /* main.m */; };
		E0D68BB319F371120074CF12 /* LPAppDelegate.m in Sources */ = {isa = PBXBuildFile; fileRef = E0D68BB219F371120074CF12 /* LPAppDelegate.m */; };
		E0D68BB619F371120074CF12 /* Main_iPhone.storyboard in Resources */ = {isa = PBXBuildFile; fileRef = E0D68BB419F371120074CF12 /* Main_iPhone.storyboard */; };
		E0D68BB919F371120074CF12 /* Main_iPad.storyboard in Resources */ = {isa = PBXBuildFile; fileRef = E0D68BB719F371120074CF12 /* Main_iPad.storyboard */; };
		E0D68BBC19F371120074CF12 /* LPViewController.m in Sources */ = {isa = PBXBuildFile; fileRef = E0D68BBB19F371120074CF12 /* LPViewController.m */; };
		E0D68BBF19F371120074CF12 /* LPMyScene.m in Sources */ = {isa = PBXBuildFile; fileRef = E0D68BBE19F371120074CF12 /* LPMyScene.m */; };
		E0D68BC119F371120074CF12 /* Spaceship.png in Resources */ = {isa = PBXBuildFile; fileRef = E0D68BC019F371120074CF12 /* Spaceship.png */; };
		E0D68BC319F371120074CF12 /* Images.xcassets in Resources */ = {isa = PBXBuildFile; fileRef = E0D68BC219F371120074CF12 /* Images.xcassets */; };
		E0D68BCA19F371120074CF12 /* XCTest.framework in Frameworks */ = {isa = PBXBuildFile; fileRef = E0D68BC919F371120074CF12 /* XCTest.framework */; };
		E0D68BCB19F371120074CF12 /* Foundation.framework in Frameworks */ = {isa = PBXBuildFile; fileRef = E0D68BA019F371120074CF12 /* Foundation.framework */; };
		E0D68BCC19F371120074CF12 /* UIKit.framework in Frameworks */ = {isa = PBXBuildFile; fileRef = E0D68BA419F371120074CF12 /* UIKit.framework */; };
		E0D68BD419F371120074CF12 /* InfoPlist.strings in Resources */ = {isa = PBXBuildFile; fileRef = E0D68BD219F371120074CF12 /* InfoPlist.strings */; };
		E0D68BD619F371120074CF12 /* Lightning_Pig_Fights_For_JusticeTests.m in Sources */ = {isa = PBXBuildFile; fileRef = E0D68BD519F371120074CF12 /* Lightning_Pig_Fights_For_JusticeTests.m */; };
/* End PBXBuildFile section */

/* Begin PBXContainerItemProxy section */
		E0D68BCD19F371120074CF12 /* PBXContainerItemProxy */ = {
			isa = PBXContainerItemProxy;
			containerPortal = E0D68B9519F371120074CF12 /* Project object */;
			proxyType = 1;
			remoteGlobalIDString = E0D68B9C19F371120074CF12;
			remoteInfo = "Lightning Pig Fights For Justice";
		};
/* End PBXContainerItemProxy section */

/* Begin PBXFileReference section */
		E0D68B9D19F371120074CF12 /* Lightning Pig Fights For Justice.app */ = {isa = PBXFileReference; explicitFileType = wrapper.application; includeInIndex = 0; path = "Lightning Pig Fights For Justice.app"; sourceTree = BUILT_PRODUCTS_DIR; };
		E0D68BA019F371120074CF12 /* Foundation.framework */ = {isa = PBXFileReference; lastKnownFileType = wrapper.framework; name = Foundation.framework; path = System/Library/Frameworks/Foundation.framework; sourceTree = SDKROOT; };
		E0D68BA219F371120074CF12 /* CoreGraphics.framework */ = {isa = PBXFileReference; lastKnownFileType = wrapper.framework; name = CoreGraphics.framework; path = System/Library/Frameworks/CoreGraphics.framework; sourceTree = SDKROOT; };
		E0D68BA419F371120074CF12 /* UIKit.framework */ = {isa = PBXFileReference; lastKnownFileType = wrapper.framework; name = UIKit.framework; path = System/Library/Frameworks/UIKit.framework; sourceTree = SDKROOT; };
		E0D68BA619F371120074CF12 /* SpriteKit.framework */ = {isa = PBXFileReference; lastKnownFileType = wrapper.framework; name = SpriteKit.framework; path = System/Library/Frameworks/SpriteKit.framework; sourceTree = SDKROOT; };
		E0D68BAA19F371120074CF12 /* Lightning Pig Fights For Justice-Info.plist */ = {isa = PBXFileReference; lastKnownFileType = text.plist.xml; path = "Lightning Pig Fights For Justice-Info.plist"; sourceTree = "<group>"; };
		E0D68BAC19F371120074CF12 /* en */ = {isa = PBXFileReference; lastKnownFileType = text.plist.strings; name = en; path = en.lproj/InfoPlist.strings; sourceTree = "<group>"; };
		E0D68BAE19F371120074CF12 /* main.m */ = {isa = PBXFileReference; lastKnownFileType = sourcecode.c.objc; path = main.m; sourceTree = "<group>"; };
		E0D68BB019F371120074CF12 /* Lightning Pig Fights For Justice-Prefix.pch */ = {isa = PBXFileReference; lastKnownFileType = sourcecode.c.h; path = "Lightning Pig Fights For Justice-Prefix.pch"; sourceTree = "<group>"; };
		E0D68BB119F371120074CF12 /* LPAppDelegate.h */ = {isa = PBXFileReference; lastKnownFileType = sourcecode.c.h; path = LPAppDelegate.h; sourceTree = "<group>"; };
		E0D68BB219F371120074CF12 /* LPAppDelegate.m */ = {isa = PBXFileReference; lastKnownFileType = sourcecode.c.objc; path = LPAppDelegate.m; sourceTree = "<group>"; };
		E0D68BB519F371120074CF12 /* Base */ = {isa = PBXFileReference; lastKnownFileType = file.storyboard; name = Base; path = Base.lproj/Main_iPhone.storyboard; sourceTree = "<group>"; };
		E0D68BB819F371120074CF12 /* Base */ = {isa = PBXFileReference; lastKnownFileType = file.storyboard; name = Base; path = Base.lproj/Main_iPad.storyboard; sourceTree = "<group>"; };
		E0D68BBA19F371120074CF12 /* LPViewController.h */ = {isa = PBXFileReference; lastKnownFileType = sourcecode.c.h; path = LPViewController.h; sourceTree = "<group>"; };
		E0D68BBB19F371120074CF12 /* LPViewController.m */ = {isa = PBXFileReference; lastKnownFileType = sourcecode.c.objc; path = LPViewController.m; sourceTree = "<group>"; };
		E0D68BBD19F371120074CF12 /* LPMyScene.h */ = {isa = PBXFileReference; lastKnownFileType = sourcecode.c.h; path = LPMyScene.h; sourceTree = "<group>"; };
		E0D68BBE19F371120074CF12 /* LPMyScene.m */ = {isa = PBXFileReference; lastKnownFileType = sourcecode.c.objc; path = LPMyScene.m; sourceTree = "<group>"; };
		E0D68BC019F371120074CF12 /* Spaceship.png */ = {isa = PBXFileReference; lastKnownFileType = image.png; path = Spaceship.png; sourceTree = "<group>"; };
		E0D68BC219F371120074CF12 /* Images.xcassets */ = {isa = PBXFileReference; lastKnownFileType = folder.assetcatalog; path = Images.xcassets; sourceTree = "<group>"; };
		E0D68BC819F371120074CF12 /* Lightning Pig Fights For JusticeTests.xctest */ = {isa = PBXFileReference; explicitFileType = wrapper.cfbundle; includeInIndex = 0; path = "Lightning Pig Fights For JusticeTests.xctest"; sourceTree = BUILT_PRODUCTS_DIR; };
		E0D68BC919F371120074CF12 /* XCTest.framework */ = {isa = PBXFileReference; lastKnownFileType = wrapper.framework; name = XCTest.framework; path = Library/Frameworks/XCTest.framework; sourceTree = DEVELOPER_DIR; };
		E0D68BD119F371120074CF12 /* Lightning Pig Fights For JusticeTests-Info.plist */ = {isa = PBXFileReference; lastKnownFileType = text.plist.xml; path = "Lightning Pig Fights For JusticeTests-Info.plist"; sourceTree = "<group>"; };
		E0D68BD319F371120074CF12 /* en */ = {isa = PBXFileReference; lastKnownFileType = text.plist.strings; name = en; path = en.lproj/InfoPlist.strings; sourceTree = "<group>"; };
		E0D68BD519F371120074CF12 /* Lightning_Pig_Fights_For_JusticeTests.m */ = {isa = PBXFileReference; lastKnownFileType = sourcecode.c.objc; path = Lightning_Pig_Fights_For_JusticeTests.m; sourceTree = "<group>"; };
/* End PBXFileReference section */

/* Begin PBXFrameworksBuildPhase section */
		E0D68B9A19F371120074CF12 /* Frameworks */ = {
			isa = PBXFrameworksBuildPhase;
			buildActionMask = 2147483647;
			files = (
				E0D68BA319F371120074CF12 /* CoreGraphics.framework in Frameworks */,
				E0D68BA519F371120074CF12 /* UIKit.framework in Frameworks */,
				E0D68BA719F371120074CF12 /* SpriteKit.framework in Frameworks */,
				E0D68BA119F371120074CF12 /* Foundation.framework in Frameworks */,
			);
			runOnlyForDeploymentPostprocessing = 0;
		};
		E0D68BC519F371120074CF12 /* Frameworks */ = {
			isa = PBXFrameworksBuildPhase;
			buildActionMask = 2147483647;
			files = (
				E0D68BCA19F371120074CF12 /* XCTest.framework in Frameworks */,
				E0D68BCC19F371120074CF12 /* UIKit.framework in Frameworks */,
				E0D68BCB19F371120074CF12 /* Foundation.framework in Frameworks */,
			);
			runOnlyForDeploymentPostprocessing = 0;
		};
/* End PBXFrameworksBuildPhase section */

/* Begin PBXGroup section */
		E0D68B9419F371120074CF12 = {
			isa = PBXGroup;
			children = (
				E0D68BA819F371120074CF12 /* Lightning Pig Fights For Justice */,
				E0D68BCF19F371120074CF12 /* Lightning Pig Fights For JusticeTests */,
				E0D68B9F19F371120074CF12 /* Frameworks */,
				E0D68B9E19F371120074CF12 /* Products */,
			);
			sourceTree = "<group>";
		};
		E0D68B9E19F371120074CF12 /* Products */ = {
			isa = PBXGroup;
			children = (
				E0D68B9D19F371120074CF12 /* Lightning Pig Fights For Justice.app */,
				E0D68BC819F371120074CF12 /* Lightning Pig Fights For JusticeTests.xctest */,
			);
			name = Products;
			sourceTree = "<group>";
		};
		E0D68B9F19F371120074CF12 /* Frameworks */ = {
			isa = PBXGroup;
			children = (
				E0D68BA019F371120074CF12 /* Foundation.framework */,
				E0D68BA219F371120074CF12 /* CoreGraphics.framework */,
				E0D68BA419F371120074CF12 /* UIKit.framework */,
				E0D68BA619F371120074CF12 /* SpriteKit.framework */,
				E0D68BC919F371120074CF12 /* XCTest.framework */,
			);
			name = Frameworks;
			sourceTree = "<group>";
		};
		E0D68BA819F371120074CF12 /* Lightning Pig Fights For Justice */ = {
			isa = PBXGroup;
			children = (
				E0D68BB119F371120074CF12 /* LPAppDelegate.h */,
				E0D68BB219F371120074CF12 /* LPAppDelegate.m */,
				E0D68BB419F371120074CF12 /* Main_iPhone.storyboard */,
				E0D68BB719F371120074CF12 /* Main_iPad.storyboard */,
				E0D68BBA19F371120074CF12 /* LPViewController.h */,
				E0D68BBB19F371120074CF12 /* LPViewController.m */,
				E0D68BBD19F371120074CF12 /* LPMyScene.h */,
				E0D68BBE19F371120074CF12 /* LPMyScene.m */,
				E0D68BC019F371120074CF12 /* Spaceship.png */,
				E0D68BC219F371120074CF12 /* Images.xcassets */,
				E0D68BA919F371120074CF12 /* Supporting Files */,
			);
			path = "Lightning Pig Fights For Justice";
			sourceTree = "<group>";
		};
		E0D68BA919F371120074CF12 /* Supporting Files */ = {
			isa = PBXGroup;
			children = (
				E0D68BAA19F371120074CF12 /* Lightning Pig Fights For Justice-Info.plist */,
				E0D68BAB19F371120074CF12 /* InfoPlist.strings */,
				E0D68BAE19F371120074CF12 /* main.m */,
				E0D68BB019F371120074CF12 /* Lightning Pig Fights For Justice-Prefix.pch */,
			);
			name = "Supporting Files";
			sourceTree = "<group>";
		};
		E0D68BCF19F371120074CF12 /* Lightning Pig Fights For JusticeTests */ = {
			isa = PBXGroup;
			children = (
				E0D68BD519F371120074CF12 /* Lightning_Pig_Fights_For_JusticeTests.m */,
				E0D68BD019F371120074CF12 /* Supporting Files */,
			);
			path = "Lightning Pig Fights For JusticeTests";
			sourceTree = "<group>";
		};
		E0D68BD019F371120074CF12 /* Supporting Files */ = {
			isa = PBXGroup;
			children = (
				E0D68BD119F371120074CF12 /* Lightning Pig Fights For JusticeTests-Info.plist */,
				E0D68BD219F371120074CF12 /* InfoPlist.strings */,
			);
			name = "Supporting Files";
			sourceTree = "<group>";
		};
/* End PBXGroup section */

/* Begin PBXNativeTarget section */
		E0D68B9C19F371120074CF12 /* Lightning Pig Fights For Justice */ = {
			isa = PBXNativeTarget;
			buildConfigurationList = E0D68BD919F371120074CF12 /* Build configuration list for PBXNativeTarget "Lightning Pig Fights For Justice" */;
			buildPhases = (
				E0D68B9919F371120074CF12 /* Sources */,
				E0D68B9A19F371120074CF12 /* Frameworks */,
				E0D68B9B19F371120074CF12 /* Resources */,
			);
			buildRules = (
			);
			dependencies = (
			);
			name = "Lightning Pig Fights For Justice";
			productName = "Lightning Pig Fights For Justice";
			productReference = E0D68B9D19F371120074CF12 /* Lightning Pig Fights For Justice.app */;
			productType = "com.apple.product-type.application";
		};
		E0D68BC719F371120074CF12 /* Lightning Pig Fights For JusticeTests */ = {
			isa = PBXNativeTarget;
			buildConfigurationList = E0D68BDC19F371120074CF12 /* Build configuration list for PBXNativeTarget "Lightning Pig Fights For JusticeTests" */;
			buildPhases = (
				E0D68BC419F371120074CF12 /* Sources */,
				E0D68BC519F371120074CF12 /* Frameworks */,
				E0D68BC619F371120074CF12 /* Resources */,
			);
			buildRules = (
			);
			dependencies = (
				E0D68BCE19F371120074CF12 /* PBXTargetDependency */,
			);
			name = "Lightning Pig Fights For JusticeTests";
			productName = "Lightning Pig Fights For JusticeTests";
			productReference = E0D68BC819F371120074CF12 /* Lightning Pig Fights For JusticeTests.xctest */;
			productType = "com.apple.product-type.bundle.unit-test";
		};
/* End PBXNativeTarget section */

/* Begin PBXProject section */
		E0D68B9519F371120074CF12 /* Project object */ = {
			isa = PBXProject;
			attributes = {
				CLASSPREFIX = LP;
				LastUpgradeCheck = 0510;
				ORGANIZATIONNAME = "Lightning Pig Productions, LLC";
				TargetAttributes = {
					E0D68BC719F371120074CF12 = {
						TestTargetID = E0D68B9C19F371120074CF12;
					};
				};
			};
			buildConfigurationList = E0D68B9819F371120074CF12 /* Build configuration list for PBXProject "Lightning Pig Fights For Justice" */;
			compatibilityVersion = "Xcode 3.2";
			developmentRegion = English;
			hasScannedForEncodings = 0;
			knownRegions = (
				en,
				Base,
			);
			mainGroup = E0D68B9419F371120074CF12;
			productRefGroup = E0D68B9E19F371120074CF12 /* Products */;
			projectDirPath = "";
			projectRoot = "";
			targets = (
				E0D68B9C19F371120074CF12 /* Lightning Pig Fights For Justice */,
				E0D68BC719F371120074CF12 /* Lightning Pig Fights For JusticeTests */,
			);
		};
/* End PBXProject section */

/* Begin PBXResourcesBuildPhase section */
		E0D68B9B19F371120074CF12 /* Resources */ = {
			isa = PBXResourcesBuildPhase;
			buildActionMask = 2147483647;
			files = (
				E0D68BC119F371120074CF12 /* Spaceship.png in Resources */,
				E0D68BC319F371120074CF12 /* Images.xcassets in Resources */,
				E0D68BB919F371120074CF12 /* Main_iPad.storyboard in Resources */,
				E0D68BB619F371120074CF12 /* Main_iPhone.storyboard in Resources */,
				E0D68BAD19F371120074CF12 /* InfoPlist.strings in Resources */,
			);
			runOnlyForDeploymentPostprocessing = 0;
		};
		E0D68BC619F371120074CF12 /* Resources */ = {
			isa = PBXResourcesBuildPhase;
			buildActionMask = 2147483647;
			files = (
				E0D68BD419F371120074CF12 /* InfoPlist.strings in Resources */,
			);
			runOnlyForDeploymentPostprocessing = 0;
		};
/* End PBXResourcesBuildPhase section */

/* Begin PBXSourcesBuildPhase section */
		E0D68B9919F371120074CF12 /* Sources */ = {
			isa = PBXSourcesBuildPhase;
			buildActionMask = 2147483647;
			files = (
				E0D68BB319F371120074CF12 /* LPAppDelegate.m in Sources */,
				E0D68BAF19F371120074CF12 /* main.m in Sources */,
				E0D68BBF19F371120074CF12 /* LPMyScene.m in Sources */,
				E0D68BBC19F371120074CF12 /* LPViewController.m in Sources */,
			);
			runOnlyForDeploymentPostprocessing = 0;
		};
		E0D68BC419F371120074CF12 /* Sources */ = {
			isa = PBXSourcesBuildPhase;
			buildActionMask = 2147483647;
			files = (
				E0D68BD619F371120074CF12 /* Lightning_Pig_Fights_For_JusticeTests.m in Sources */,
			);
			runOnlyForDeploymentPostprocessing = 0;
		};
/* End PBXSourcesBuildPhase section */

/* Begin PBXTargetDependency section */
		E0D68BCE19F371120074CF12 /* PBXTargetDependency */ = {
			isa = PBXTargetDependency;
			target = E0D68B9C19F371120074CF12 /* Lightning Pig Fights For Justice */;
			targetProxy = E0D68BCD19F371120074CF12 /* PBXContainerItemProxy */;
		};
/* End PBXTargetDependency section */

/* Begin PBXVariantGroup section */
		E0D68BAB19F371120074CF12 /* InfoPlist.strings */ = {
			isa = PBXVariantGroup;
			children = (
				E0D68BAC19F371120074CF12 /* en */,
			);
			name = InfoPlist.strings;
			sourceTree = "<group>";
		};
		E0D68BB419F371120074CF12 /* Main_iPhone.storyboard */ = {
			isa = PBXVariantGroup;
			children = (
				E0D68BB519F371120074CF12 /* Base */,
			);
			name = Main_iPhone.storyboard;
			sourceTree = "<group>";
		};
		E0D68BB719F371120074CF12 /* Main_iPad.storyboard */ = {
			isa = PBXVariantGroup;
			children = (
				E0D68BB819F371120074CF12 /* Base */,
			);
			name = Main_iPad.storyboard;
			sourceTree = "<group>";
		};
		E0D68BD219F371120074CF12 /* InfoPlist.strings */ = {
			isa = PBXVariantGroup;
			children = (
				E0D68BD319F371120074CF12 /* en */,
			);
			name = InfoPlist.strings;
			sourceTree = "<group>";
		};
/* End PBXVariantGroup section */

/* Begin XCBuildConfiguration section */
		E0D68BD719F371120074CF12 /* Debug */ = {
			isa = XCBuildConfiguration;
			buildSettings = {
				ALWAYS_SEARCH_USER_PATHS = NO;
				CLANG_CXX_LANGUAGE_STANDARD = "gnu++0x";
				CLANG_CXX_LIBRARY = "libc++";
				CLANG_ENABLE_MODULES = YES;
				CLANG_ENABLE_OBJC_ARC = YES;
				CLANG_WARN_BOOL_CONVERSION = YES;
				CLANG_WARN_CONSTANT_CONVERSION = YES;
				CLANG_WARN_DIRECT_OBJC_ISA_USAGE = YES_ERROR;
				CLANG_WARN_EMPTY_BODY = YES;
				CLANG_WARN_ENUM_CONVERSION = YES;
				CLANG_WARN_INT_CONVERSION = YES;
				CLANG_WARN_OBJC_ROOT_CLASS = YES_ERROR;
				CLANG_WARN__DUPLICATE_METHOD_MATCH = YES;
				"CODE_SIGN_IDENTITY[sdk=iphoneos*]" = "iPhone Developer";
				COPY_PHASE_STRIP = NO;
				GCC_C_LANGUAGE_STANDARD = gnu99;
				GCC_DYNAMIC_NO_PIC = NO;
				GCC_OPTIMIZATION_LEVEL = 0;
				GCC_PREPROCESSOR_DEFINITIONS = (
					"DEBUG=1",
					"$(inherited)",
				);
				GCC_SYMBOLS_PRIVATE_EXTERN = NO;
				GCC_WARN_64_TO_32_BIT_CONVERSION = YES;
				GCC_WARN_ABOUT_RETURN_TYPE = YES_ERROR;
				GCC_WARN_UNDECLARED_SELECTOR = YES;
				GCC_WARN_UNINITIALIZED_AUTOS = YES_AGGRESSIVE;
				GCC_WARN_UNUSED_FUNCTION = YES;
				GCC_WARN_UNUSED_VARIABLE = YES;
				IPHONEOS_DEPLOYMENT_TARGET = 7.1;
				ONLY_ACTIVE_ARCH = YES;
				SDKROOT = iphoneos;
				TARGETED_DEVICE_FAMILY = "1,2";
			};
			name = Debug;
		};
		E0D68BD819F371120074CF12 /* Release */ = {
			isa = XCBuildConfiguration;
			buildSettings = {
				ALWAYS_SEARCH_USER_PATHS = NO;
				CLANG_CXX_LANGUAGE_STANDARD = "gnu++0x";
				CLANG_CXX_LIBRARY = "libc++";
				CLANG_ENABLE_MODULES = YES;
				CLANG_ENABLE_OBJC_ARC = YES;
				CLANG_WARN_BOOL_CONVERSION = YES;
				CLANG_WARN_CONSTANT_CONVERSION = YES;
				CLANG_WARN_DIRECT_OBJC_ISA_USAGE = YES_ERROR;
				CLANG_WARN_EMPTY_BODY = YES;
				CLANG_WARN_ENUM_CONVERSION = YES;
				CLANG_WARN_INT_CONVERSION = YES;
				CLANG_WARN_OBJC_ROOT_CLASS = YES_ERROR;
				CLANG_WARN__DUPLICATE_METHOD_MATCH = YES;
				"CODE_SIGN_IDENTITY[sdk=iphoneos*]" = "iPhone Developer";
				COPY_PHASE_STRIP = YES;
				ENABLE_NS_ASSERTIONS = NO;
				GCC_C_LANGUAGE_STANDARD = gnu99;
				GCC_WARN_64_TO_32_BIT_CONVERSION = YES;
				GCC_WARN_ABOUT_RETURN_TYPE = YES_ERROR;
				GCC_WARN_UNDECLARED_SELECTOR = YES;
				GCC_WARN_UNINITIALIZED_AUTOS = YES_AGGRESSIVE;
				GCC_WARN_UNUSED_FUNCTION = YES;
				GCC_WARN_UNUSED_VARIABLE = YES;
				IPHONEOS_DEPLOYMENT_TARGET = 7.1;
				SDKROOT = iphoneos;
				TARGETED_DEVICE_FAMILY = "1,2";
				VALIDATE_PRODUCT = YES;
			};
			name = Release;
		};
		E0D68BDA19F371120074CF12 /* Debug */ = {
			isa = XCBuildConfiguration;
			buildSettings = {
				ASSETCATALOG_COMPILER_APPICON_NAME = AppIcon;
				ASSETCATALOG_COMPILER_LAUNCHIMAGE_NAME = LaunchImage;
				GCC_PRECOMPILE_PREFIX_HEADER = YES;
				GCC_PREFIX_HEADER = "Lightning Pig Fights For Justice/Lightning Pig Fights For Justice-Prefix.pch";
				INFOPLIST_FILE = "Lightning Pig Fights For Justice/Lightning Pig Fights For Justice-Info.plist";
				PRODUCT_NAME = "$(TARGET_NAME)";
				SPRITEKIT_TEXTURE_ATLAS_OUTPUT = YES;
				WRAPPER_EXTENSION = app;
			};
			name = Debug;
		};
		E0D68BDB19F371120074CF12 /* Release */ = {
			isa = XCBuildConfiguration;
			buildSettings = {
				ASSETCATALOG_COMPILER_APPICON_NAME = AppIcon;
				ASSETCATALOG_COMPILER_LAUNCHIMAGE_NAME = LaunchImage;
				GCC_PRECOMPILE_PREFIX_HEADER = YES;
				GCC_PREFIX_HEADER = "Lightning Pig Fights For Justice/Lightning Pig Fights For Justice-Prefix.pch";
				INFOPLIST_FILE = "Lightning Pig Fights For Justice/Lightning Pig Fights For Justice-Info.plist";
				PRODUCT_NAME = "$(TARGET_NAME)";
				SPRITEKIT_TEXTURE_ATLAS_OUTPUT = YES;
				WRAPPER_EXTENSION = app;
			};
			name = Release;
		};
		E0D68BDD19F371120074CF12 /* Debug */ = {
			isa = XCBuildConfiguration;
			buildSettings = {
				BUNDLE_LOADER = "$(BUILT_PRODUCTS_DIR)/Lightning Pig Fights For Justice.app/Lightning Pig Fights For Justice";
				FRAMEWORK_SEARCH_PATHS = (
					"$(SDKROOT)/Developer/Library/Frameworks",
					"$(inherited)",
					"$(DEVELOPER_FRAMEWORKS_DIR)",
				);
				GCC_PRECOMPILE_PREFIX_HEADER = YES;
				GCC_PREFIX_HEADER = "Lightning Pig Fights For Justice/Lightning Pig Fights For Justice-Prefix.pch";
				GCC_PREPROCESSOR_DEFINITIONS = (
					"DEBUG=1",
					"$(inherited)",
				);
				INFOPLIST_FILE = "Lightning Pig Fights For JusticeTests/Lightning Pig Fights For JusticeTests-Info.plist";
				PRODUCT_NAME = "$(TARGET_NAME)";
				TEST_HOST = "$(BUNDLE_LOADER)";
				WRAPPER_EXTENSION = xctest;
			};
			name = Debug;
		};
		E0D68BDE19F371120074CF12 /* Release */ = {
			isa = XCBuildConfiguration;
			buildSettings = {
				BUNDLE_LOADER = "$(BUILT_PRODUCTS_DIR)/Lightning Pig Fights For Justice.app/Lightning Pig Fights For Justice";
				FRAMEWORK_SEARCH_PATHS = (
					"$(SDKROOT)/Developer/Library/Frameworks",
					"$(inherited)",
					"$(DEVELOPER_FRAMEWORKS_DIR)",
				);
				GCC_PRECOMPILE_PREFIX_HEADER = YES;
				GCC_PREFIX_HEADER = "Lightning Pig Fights For Justice/Lightning Pig Fights For Justice-Prefix.pch";
				INFOPLIST_FILE = "Lightning Pig Fights For JusticeTests/Lightning Pig Fights For JusticeTests-Info.plist";
				PRODUCT_NAME = "$(TARGET_NAME)";
				TEST_HOST = "$(BUNDLE_LOADER)";
				WRAPPER_EXTENSION = xctest;
			};
			name = Release;
		};
/* End XCBuildConfiguration section */

/* Begin XCConfigurationList section */
		E0D68B9819F371120074CF12 /* Build configuration list for PBXProject "Lightning Pig Fights For Justice" */ = {
			isa = XCConfigurationList;
			buildConfigurations = (
				E0D68BD719F371120074CF12 /* Debug */,
				E0D68BD819F371120074CF12 /* Release */,
			);
			defaultConfigurationIsVisible = 0;
			defaultConfigurationName = Release;
		};
		E0D68BD919F371120074CF12 /* Build configuration list for PBXNativeTarget "Lightning Pig Fights For Justice" */ = {
			isa = XCConfigurationList;
			buildConfigurations = (
				E0D68BDA19F371120074CF12 /* Debug */,
				E0D68BDB19F371120074CF12 /* Release */,
			);
			defaultConfigurationIsVisible = 0;
		};
		E0D68BDC19F371120074CF12 /* Build configuration list for PBXNativeTarget "Lightning Pig Fights For JusticeTests" */ = {
			isa = XCConfigurationList;
			buildConfigurations = (
				E0D68BDD19F371120074CF12 /* Debug */,
				E0D68BDE19F371120074CF12 /* Release */,
			);
			defaultConfigurationIsVisible = 0;
		};
/* End XCConfigurationList section */
	};
	rootObject = E0D68B9519F371120074CF12 /* Project object */;
}
